
Microsoft Visual Studio Solution File, Format Version 12.00
# Visual Studio Version 16
VisualStudioVersion = 16.0.29911.84
MinimumVisualStudioVersion = 10.0.40219.1
Project("{FAE04EC0-301F-11D3-BF4B-00C04F79EFBC}") = "CodeIndex.VisualStudioExtension", "CodeIndex.VisualStudioExtension.csproj", "{ED1D3026-8695-4B9B-9FA9-2D68E28EE850}"
EndProject
Global
	GlobalSection(SolutionConfigurationPlatforms) = preSolution
		Debug|Any CPU = Debug|Any CPU
		Release|Any CPU = Release|Any CPU
	EndGlobalSection
	GlobalSection(ProjectConfigurationPlatforms) = postSolution
		{ED1D3026-8695-4B9B-9FA9-2D68E28EE850}.Debug|Any CPU.ActiveCfg = Debug|Any CPU
		{ED1D3026-8695-4B9B-9FA9-2D68E28EE850}.Debug|Any CPU.Build.0 = Debug|Any CPU
		{ED1D3026-8695-4B9B-9FA9-2D68E28EE850}.Release|Any CPU.ActiveCfg = Release|Any CPU
		{ED1D3026-8695-4B9B-9FA9-2D68E28EE850}.Release|Any CPU.Build.0 = Release|Any CPU
	EndGlobalSection
	GlobalSection(SolutionProperties) = preSolution
		HideSolutionNode = FALSE
	EndGlobalSection
	GlobalSection(ExtensibilityGlobals) = postSolution
		SolutionGuid = {E2DA3A3C-BC6C-4922-AA9D-012724225DB2}
	EndGlobalSection
EndGlobal
