
Microsoft Visual Studio Solution File, Format Version 12.00
# Visual Studio Version 16
VisualStudioVersion = 16.0.29613.14
MinimumVisualStudioVersion = 10.0.40219.1
Project("{9A19103F-16F7-4668-BE54-9A1E7A4F7556}") = "CodeIndex.Test", "CodeIndex.Test\CodeIndex.Test.csproj", "{5532620B-E050-4322-9648-C426133BAED8}"
EndProject
Project("{9A19103F-16F7-4668-BE54-9A1E7A4F7556}") = "CodeIndex.IndexBuilder", "CodeIndex.IndexBuilder\CodeIndex.IndexBuilder.csproj", "{CD4F91D2-5DC7-4323-A532-20BAD3C48305}"
EndProject
Project("{9A19103F-16F7-4668-BE54-9A1E7A4F7556}") = "CodeIndex.Common", "CodeIndex.Common\CodeIndex.Common.csproj", "{131A96A0-CC06-4785-8BA8-B693932BF366}"
EndProject
Project("{9A19103F-16F7-4668-BE54-9A1E7A4F7556}") = "CodeIndex.SearchQuery", "CodeIndex.SearchQuery\CodeIndex.SearchQuery.csproj", "{0B84BCBC-ED1D-480A-8BE1-8E903C76D2B2}"
EndProject
Project("{9A19103F-16F7-4668-BE54-9A1E7A4F7556}") = "CodeIndex.Files", "CodeIndex.Files\CodeIndex.Files.csproj", "{1EA9D97D-DA58-4D51-9DC9-7203686DD9C1}"
EndProject
Project("{9A19103F-16F7-4668-BE54-9A1E7A4F7556}") = "CodeIndex.MaintainIndex", "CodeIndex.MaintainIndex\CodeIndex.MaintainIndex.csproj", "{89461D8B-5365-4DAA-9984-1B820C4FF963}"
EndProject
Project("{9A19103F-16F7-4668-BE54-9A1E7A4F7556}") = "CodeIndex.ConsoleApp", "CodeIndex.ConsoleApp\CodeIndex.ConsoleApp.csproj", "{2C824491-6907-4E80-AFFF-DE9C85288312}"
EndProject
Global
	GlobalSection(SolutionConfigurationPlatforms) = preSolution
		Debug|Any CPU = Debug|Any CPU
		Release|Any CPU = Release|Any CPU
	EndGlobalSection
	GlobalSection(ProjectConfigurationPlatforms) = postSolution
		{5532620B-E050-4322-9648-C426133BAED8}.Debug|Any CPU.ActiveCfg = Debug|Any CPU
		{5532620B-E050-4322-9648-C426133BAED8}.Debug|Any CPU.Build.0 = Debug|Any CPU
		{5532620B-E050-4322-9648-C426133BAED8}.Release|Any CPU.ActiveCfg = Release|Any CPU
		{5532620B-E050-4322-9648-C426133BAED8}.Release|Any CPU.Build.0 = Release|Any CPU
		{CD4F91D2-5DC7-4323-A532-20BAD3C48305}.Debug|Any CPU.ActiveCfg = Debug|Any CPU
		{CD4F91D2-5DC7-4323-A532-20BAD3C48305}.Debug|Any CPU.Build.0 = Debug|Any CPU
		{CD4F91D2-5DC7-4323-A532-20BAD3C48305}.Release|Any CPU.ActiveCfg = Release|Any CPU
		{CD4F91D2-5DC7-4323-A532-20BAD3C48305}.Release|Any CPU.Build.0 = Release|Any CPU
		{131A96A0-CC06-4785-8BA8-B693932BF366}.Debug|Any CPU.ActiveCfg = Debug|Any CPU
		{131A96A0-CC06-4785-8BA8-B693932BF366}.Debug|Any CPU.Build.0 = Debug|Any CPU
		{131A96A0-CC06-4785-8BA8-B693932BF366}.Release|Any CPU.ActiveCfg = Release|Any CPU
		{131A96A0-CC06-4785-8BA8-B693932BF366}.Release|Any CPU.Build.0 = Release|Any CPU
		{0B84BCBC-ED1D-480A-8BE1-8E903C76D2B2}.Debug|Any CPU.ActiveCfg = Debug|Any CPU
		{0B84BCBC-ED1D-480A-8BE1-8E903C76D2B2}.Debug|Any CPU.Build.0 = Debug|Any CPU
		{0B84BCBC-ED1D-480A-8BE1-8E903C76D2B2}.Release|Any CPU.ActiveCfg = Release|Any CPU
		{0B84BCBC-ED1D-480A-8BE1-8E903C76D2B2}.Release|Any CPU.Build.0 = Release|Any CPU
		{1EA9D97D-DA58-4D51-9DC9-7203686DD9C1}.Debug|Any CPU.ActiveCfg = Debug|Any CPU
		{1EA9D97D-DA58-4D51-9DC9-7203686DD9C1}.Debug|Any CPU.Build.0 = Debug|Any CPU
		{1EA9D97D-DA58-4D51-9DC9-7203686DD9C1}.Release|Any CPU.ActiveCfg = Release|Any CPU
		{1EA9D97D-DA58-4D51-9DC9-7203686DD9C1}.Release|Any CPU.Build.0 = Release|Any CPU
		{89461D8B-5365-4DAA-9984-1B820C4FF963}.Debug|Any CPU.ActiveCfg = Debug|Any CPU
		{89461D8B-5365-4DAA-9984-1B820C4FF963}.Debug|Any CPU.Build.0 = Debug|Any CPU
		{89461D8B-5365-4DAA-9984-1B820C4FF963}.Release|Any CPU.ActiveCfg = Release|Any CPU
		{89461D8B-5365-4DAA-9984-1B820C4FF963}.Release|Any CPU.Build.0 = Release|Any CPU
		{2C824491-6907-4E80-AFFF-DE9C85288312}.Debug|Any CPU.ActiveCfg = Debug|Any CPU
		{2C824491-6907-4E80-AFFF-DE9C85288312}.Debug|Any CPU.Build.0 = Debug|Any CPU
		{2C824491-6907-4E80-AFFF-DE9C85288312}.Release|Any CPU.ActiveCfg = Release|Any CPU
		{2C824491-6907-4E80-AFFF-DE9C85288312}.Release|Any CPU.Build.0 = Release|Any CPU
	EndGlobalSection
	GlobalSection(SolutionProperties) = preSolution
		HideSolutionNode = FALSE
	EndGlobalSection
	GlobalSection(ExtensibilityGlobals) = postSolution
		SolutionGuid = {2BAD4995-F95A-4054-AB8C-5043B9F3D0F5}
	EndGlobalSection
EndGlobal
